
Microsoft Visual Studio Solution File, Format Version 12.00
# Visual Studio 14
VisualStudioVersion = 14.0.25123.0
MinimumVisualStudioVersion = 10.0.40219.1
Project("{FAE04EC0-301F-11D3-BF4B-00C04F79EFBC}") = "CacheAsidePattern", "CacheAsidePattern\CacheAsidePattern.csproj", "{6978E8A7-A3D3-45FB-981B-04716C79B7BE}"
EndProject
Project("{FAE04EC0-301F-11D3-BF4B-00C04F79EFBC}") = "CacheAsideTests", "CacheAsideTests\CacheAsideTests.csproj", "{7B2B8286-5252-409D-B134-127CAB625717}"
EndProject
Global
	GlobalSection(SolutionConfigurationPlatforms) = preSolution
		Debug|Any CPU = Debug|Any CPU
		Release|Any CPU = Release|Any CPU
	EndGlobalSection
	GlobalSection(ProjectConfigurationPlatforms) = postSolution
		{6978E8A7-A3D3-45FB-981B-04716C79B7BE}.Debug|Any CPU.ActiveCfg = Debug|Any CPU
		{6978E8A7-A3D3-45FB-981B-04716C79B7BE}.Debug|Any CPU.Build.0 = Debug|Any CPU
		{6978E8A7-A3D3-45FB-981B-04716C79B7BE}.Release|Any CPU.ActiveCfg = Release|Any CPU
		{6978E8A7-A3D3-45FB-981B-04716C79B7BE}.Release|Any CPU.Build.0 = Release|Any CPU
		{7B2B8286-5252-409D-B134-127CAB625717}.Debug|Any CPU.ActiveCfg = Debug|Any CPU
		{7B2B8286-5252-409D-B134-127CAB625717}.Debug|Any CPU.Build.0 = Debug|Any CPU
		{7B2B8286-5252-409D-B134-127CAB625717}.Release|Any CPU.ActiveCfg = Release|Any CPU
		{7B2B8286-5252-409D-B134-127CAB625717}.Release|Any CPU.Build.0 = Release|Any CPU
	EndGlobalSection
	GlobalSection(SolutionProperties) = preSolution
		HideSolutionNode = FALSE
	EndGlobalSection
EndGlobal
